// !$*UTF8*$!
{
	archiveVersion = 1;
	classes = {
	};
	objectVersion = 56;
	objects = {

/* Begin PBXBuildFile section */
		6F2A5E0A2B1C4D5E8F902101 /* LocupomLearnApp.swift in Sources */ = {isa = PBXBuildFile; fileRef = 6F2A5E0A2B1C4D5E8F901101 /* LocupomLearnApp.swift */; };
		6F2A5E0A2B1C4D5E8F902102 /* RootView.swift in Sources */ = {isa = PBXBuildFile; fileRef = 6F2A5E0A2B1C4D5E8F901102 /* RootView.swift */; };
		6F2A5E0A2B1C4D5E8F902103 /* Song.swift in Sources */ = {isa = PBXBuildFile; fileRef = 6F2A5E0A2B1C4D5E8F901103 /* Song.swift */; };
		6F2A5E0A2B1C4D5E8F902104 /* YouTubeURLParser.swift in Sources */ = {isa = PBXBuildFile; fileRef = 6F2A5E0A2B1C4D5E8F901104 /* YouTubeURLParser.swift */; };
		6F2A5E0A2B1C4D5E8F902105 /* TextMatcher.swift in Sources */ = {isa = PBXBuildFile; fileRef = 6F2A5E0A2B1C4D5E8F901105 /* TextMatcher.swift */; };
		6F2A5E0A2B1C4D5E8F902106 /* SongLibraryStore.swift in Sources */ = {isa = PBXBuildFile; fileRef = 6F2A5E0A2B1C4D5E8F901106 /* SongLibraryStore.swift */; };
		6F2A5E0A2B1C4D5E8F902107 /* LibraryView.swift in Sources */ = {isa = PBXBuildFile; fileRef = 6F2A5E0A2B1C4D5E8F901107 /* LibraryView.swift */; };
		6F2A5E0A2B1C4D5E8F902108 /* SongDetailView.swift in Sources */ = {isa = PBXBuildFile; fileRef = 6F2A5E0A2B1C4D5E8F901108 /* SongDetailView.swift */; };
		6F2A5E0A2B1C4D5E8F902109 /* SongEditorView.swift in Sources */ = {isa = PBXBuildFile; fileRef = 6F2A5E0A2B1C4D5E8F901109 /* SongEditorView.swift */; };
		6F2A5E0A2B1C4D5E8F902110 /* PracticeView.swift in Sources */ = {isa = PBXBuildFile; fileRef = 6F2A5E0A2B1C4D5E8F901110 /* PracticeView.swift */; };
		6F2A5E0A2B1C4D5E8F902111 /* YouTubePlayerView.swift in Sources */ = {isa = PBXBuildFile; fileRef = 6F2A5E0A2B1C4D5E8F901111 /* YouTubePlayerView.swift */; };
		6F2A5E0A2B1C4D5E8F902112 /* Assets.xcassets in Resources */ = {isa = PBXBuildFile; fileRef = 6F2A5E0A2B1C4D5E8F901112 /* Assets.xcassets */; };
		6F2A5E0A2B1C4D5E8F902113 /* TrendingVideo.swift in Sources */ = {isa = PBXBuildFile; fileRef = 6F2A5E0A2B1C4D5E8F901113 /* TrendingVideo.swift */; };
		6F2A5E0A2B1C4D5E8F902114 /* YouTubeAPISettings.swift in Sources */ = {isa = PBXBuildFile; fileRef = 6F2A5E0A2B1C4D5E8F901114 /* YouTubeAPISettings.swift */; };
		6F2A5E0A2B1C4D5E8F902115 /* YouTubeTrendingService.swift in Sources */ = {isa = PBXBuildFile; fileRef = 6F2A5E0A2B1C4D5E8F901115 /* YouTubeTrendingService.swift */; };
		6F2A5E0A2B1C4D5E8F902116 /* YouTubeSettingsView.swift in Sources */ = {isa = PBXBuildFile; fileRef = 6F2A5E0A2B1C4D5E8F901116 /* YouTubeSettingsView.swift */; };
		6F2A5E0A2B1C4D5E8F902117 /* TrendingView.swift in Sources */ = {isa = PBXBuildFile; fileRef = 6F2A5E0A2B1C4D5E8F901117 /* TrendingView.swift */; };
		6F2A5E0A2B1C4D5E8F902118 /* LyricsImportService.swift in Sources */ = {isa = PBXBuildFile; fileRef = 6F2A5E0A2B1C4D5E8F901118 /* LyricsImportService.swift */; };
		6F2A5E0A2B1C4D5E8F902119 /* LearningHubView.swift in Sources */ = {isa = PBXBuildFile; fileRef = 6F2A5E0A2B1C4D5E8F901119 /* LearningHubView.swift */; };
		6F2A5E0A2B1C4D5E8F902120 /* LanguageLearningService.swift in Sources */ = {isa = PBXBuildFile; fileRef = 6F2A5E0A2B1C4D5E8F901120 /* LanguageLearningService.swift */; };
		6F2A5E0A2B1C4D5E8F902121 /* LearningProgressStore.swift in Sources */ = {isa = PBXBuildFile; fileRef = 6F2A5E0A2B1C4D5E8F901121 /* LearningProgressStore.swift */; };
/* End PBXBuildFile section */

/* Begin PBXFileReference section */
		6F2A5E0A2B1C4D5E8F901003 /* LocupomLearn.app */ = {isa = PBXFileReference; explicitFileType = wrapper.application; includeInIndex = 0; path = LocupomLearn.app; sourceTree = BUILT_PRODUCTS_DIR; };
		6F2A5E0A2B1C4D5E8F901101 /* LocupomLearnApp.swift */ = {isa = PBXFileReference; lastKnownFileType = sourcecode.swift; path = LocupomLearnApp.swift; sourceTree = "<group>"; };
		6F2A5E0A2B1C4D5E8F901102 /* RootView.swift */ = {isa = PBXFileReference; lastKnownFileType = sourcecode.swift; path = RootView.swift; sourceTree = "<group>"; };
		6F2A5E0A2B1C4D5E8F901103 /* Song.swift */ = {isa = PBXFileReference; lastKnownFileType = sourcecode.swift; path = Song.swift; sourceTree = "<group>"; };
		6F2A5E0A2B1C4D5E8F901104 /* YouTubeURLParser.swift */ = {isa = PBXFileReference; lastKnownFileType = sourcecode.swift; path = YouTubeURLParser.swift; sourceTree = "<group>"; };
		6F2A5E0A2B1C4D5E8F901105 /* TextMatcher.swift */ = {isa = PBXFileReference; lastKnownFileType = sourcecode.swift; path = TextMatcher.swift; sourceTree = "<group>"; };
		6F2A5E0A2B1C4D5E8F901106 /* SongLibraryStore.swift */ = {isa = PBXFileReference; lastKnownFileType = sourcecode.swift; path = SongLibraryStore.swift; sourceTree = "<group>"; };
		6F2A5E0A2B1C4D5E8F901107 /* LibraryView.swift */ = {isa = PBXFileReference; lastKnownFileType = sourcecode.swift; path = LibraryView.swift; sourceTree = "<group>"; };
		6F2A5E0A2B1C4D5E8F901108 /* SongDetailView.swift */ = {isa = PBXFileReference; lastKnownFileType = sourcecode.swift; path = SongDetailView.swift; sourceTree = "<group>"; };
		6F2A5E0A2B1C4D5E8F901109 /* SongEditorView.swift */ = {isa = PBXFileReference; lastKnownFileType = sourcecode.swift; path = SongEditorView.swift; sourceTree = "<group>"; };
		6F2A5E0A2B1C4D5E8F901110 /* PracticeView.swift */ = {isa = PBXFileReference; lastKnownFileType = sourcecode.swift; path = PracticeView.swift; sourceTree = "<group>"; };
		6F2A5E0A2B1C4D5E8F901111 /* YouTubePlayerView.swift */ = {isa = PBXFileReference; lastKnownFileType = sourcecode.swift; path = YouTubePlayerView.swift; sourceTree = "<group>"; };
		6F2A5E0A2B1C4D5E8F901112 /* Assets.xcassets */ = {isa = PBXFileReference; lastKnownFileType = folder.assetcatalog; path = Assets.xcassets; sourceTree = "<group>"; };
		6F2A5E0A2B1C4D5E8F901113 /* TrendingVideo.swift */ = {isa = PBXFileReference; lastKnownFileType = sourcecode.swift; path = TrendingVideo.swift; sourceTree = "<group>"; };
		6F2A5E0A2B1C4D5E8F901114 /* YouTubeAPISettings.swift */ = {isa = PBXFileReference; lastKnownFileType = sourcecode.swift; path = YouTubeAPISettings.swift; sourceTree = "<group>"; };
		6F2A5E0A2B1C4D5E8F901115 /* YouTubeTrendingService.swift */ = {isa = PBXFileReference; lastKnownFileType = sourcecode.swift; path = YouTubeTrendingService.swift; sourceTree = "<group>"; };
		6F2A5E0A2B1C4D5E8F901116 /* YouTubeSettingsView.swift */ = {isa = PBXFileReference; lastKnownFileType = sourcecode.swift; path = YouTubeSettingsView.swift; sourceTree = "<group>"; };
		6F2A5E0A2B1C4D5E8F901117 /* TrendingView.swift */ = {isa = PBXFileReference; lastKnownFileType = sourcecode.swift; path = TrendingView.swift; sourceTree = "<group>"; };
		6F2A5E0A2B1C4D5E8F901118 /* LyricsImportService.swift */ = {isa = PBXFileReference; lastKnownFileType = sourcecode.swift; path = LyricsImportService.swift; sourceTree = "<group>"; };
		6F2A5E0A2B1C4D5E8F901119 /* LearningHubView.swift */ = {isa = PBXFileReference; lastKnownFileType = sourcecode.swift; path = LearningHubView.swift; sourceTree = "<group>"; };
		6F2A5E0A2B1C4D5E8F901120 /* LanguageLearningService.swift */ = {isa = PBXFileReference; lastKnownFileType = sourcecode.swift; path = LanguageLearningService.swift; sourceTree = "<group>"; };
		6F2A5E0A2B1C4D5E8F901121 /* LearningProgressStore.swift */ = {isa = PBXFileReference; lastKnownFileType = sourcecode.swift; path = LearningProgressStore.swift; sourceTree = "<group>"; };
/* End PBXFileReference section */

/* Begin PBXFrameworksBuildPhase section */
		6F2A5E0A2B1C4D5E8F901008 /* Frameworks */ = {
			isa = PBXFrameworksBuildPhase;
			buildActionMask = 2147483647;
			files = (
			);
			runOnlyForDeploymentPostprocessing = 0;
		};
/* End PBXFrameworksBuildPhase section */

/* Begin PBXGroup section */
		6F2A5E0A2B1C4D5E8F901004 = {
			isa = PBXGroup;
			children = (
				6F2A5E0A2B1C4D5E8F901015 /* LocupomLearn */,
				6F2A5E0A2B1C4D5E8F901005 /* Products */,
			);
			sourceTree = "<group>";
		};
		6F2A5E0A2B1C4D5E8F901005 /* Products */ = {
			isa = PBXGroup;
			children = (
				6F2A5E0A2B1C4D5E8F901003 /* LocupomLearn.app */,
			);
			name = Products;
			sourceTree = "<group>";
		};
		6F2A5E0A2B1C4D5E8F901015 /* LocupomLearn */ = {
			isa = PBXGroup;
			children = (
				6F2A5E0A2B1C4D5E8F901101 /* LocupomLearnApp.swift */,
				6F2A5E0A2B1C4D5E8F901102 /* RootView.swift */,
				6F2A5E0A2B1C4D5E8F901016 /* Models */,
				6F2A5E0A2B1C4D5E8F901017 /* Services */,
				6F2A5E0A2B1C4D5E8F901018 /* Features */,
				6F2A5E0A2B1C4D5E8F901112 /* Assets.xcassets */,
			);
			path = LocupomLearn;
			sourceTree = "<group>";
		};
		6F2A5E0A2B1C4D5E8F901016 /* Models */ = {
			isa = PBXGroup;
			children = (
				6F2A5E0A2B1C4D5E8F901103 /* Song.swift */,
				6F2A5E0A2B1C4D5E8F901113 /* TrendingVideo.swift */,
			);
			path = Models;
			sourceTree = "<group>";
		};
		6F2A5E0A2B1C4D5E8F901017 /* Services */ = {
			isa = PBXGroup;
			children = (
				6F2A5E0A2B1C4D5E8F901104 /* YouTubeURLParser.swift */,
				6F2A5E0A2B1C4D5E8F901105 /* TextMatcher.swift */,
				6F2A5E0A2B1C4D5E8F901106 /* SongLibraryStore.swift */,
				6F2A5E0A2B1C4D5E8F901114 /* YouTubeAPISettings.swift */,
				6F2A5E0A2B1C4D5E8F901115 /* YouTubeTrendingService.swift */,
				6F2A5E0A2B1C4D5E8F901118 /* LyricsImportService.swift */,
				6F2A5E0A2B1C4D5E8F901120 /* LanguageLearningService.swift */,
				6F2A5E0A2B1C4D5E8F901121 /* LearningProgressStore.swift */,
			);
			path = Services;
			sourceTree = "<group>";
		};
		6F2A5E0A2B1C4D5E8F901018 /* Features */ = {
			isa = PBXGroup;
			children = (
				6F2A5E0A2B1C4D5E8F901019 /* Library */,
				6F2A5E0A2B1C4D5E8F901020 /* Editor */,
				6F2A5E0A2B1C4D5E8F901023 /* Trending */,
				6F2A5E0A2B1C4D5E8F901024 /* Settings */,
				6F2A5E0A2B1C4D5E8F901021 /* Practice */,
				6F2A5E0A2B1C4D5E8F901025 /* Learning */,
				6F2A5E0A2B1C4D5E8F901022 /* YouTube */,
			);
			path = Features;
			sourceTree = "<group>";
		};
		6F2A5E0A2B1C4D5E8F901019 /* Library */ = {
			isa = PBXGroup;
			children = (
				6F2A5E0A2B1C4D5E8F901107 /* LibraryView.swift */,
				6F2A5E0A2B1C4D5E8F901108 /* SongDetailView.swift */,
			);
			path = Library;
			sourceTree = "<group>";
		};
		6F2A5E0A2B1C4D5E8F901020 /* Editor */ = {
			isa = PBXGroup;
			children = (
				6F2A5E0A2B1C4D5E8F901109 /* SongEditorView.swift */,
			);
			path = Editor;
			sourceTree = "<group>";
		};
		6F2A5E0A2B1C4D5E8F901021 /* Practice */ = {
			isa = PBXGroup;
			children = (
				6F2A5E0A2B1C4D5E8F901110 /* PracticeView.swift */,
			);
			path = Practice;
			sourceTree = "<group>";
		};
		6F2A5E0A2B1C4D5E8F901022 /* YouTube */ = {
			isa = PBXGroup;
			children = (
				6F2A5E0A2B1C4D5E8F901111 /* YouTubePlayerView.swift */,
			);
			path = YouTube;
			sourceTree = "<group>";
		};
		6F2A5E0A2B1C4D5E8F901023 /* Trending */ = {
			isa = PBXGroup;
			children = (
				6F2A5E0A2B1C4D5E8F901117 /* TrendingView.swift */,
			);
			path = Trending;
			sourceTree = "<group>";
		};
		6F2A5E0A2B1C4D5E8F901024 /* Settings */ = {
			isa = PBXGroup;
			children = (
				6F2A5E0A2B1C4D5E8F901116 /* YouTubeSettingsView.swift */,
			);
			path = Settings;
			sourceTree = "<group>";
		};
		6F2A5E0A2B1C4D5E8F901025 /* Learning */ = {
			isa = PBXGroup;
			children = (
				6F2A5E0A2B1C4D5E8F901119 /* LearningHubView.swift */,
			);
			path = Learning;
			sourceTree = "<group>";
		};
/* End PBXGroup section */

/* Begin PBXNativeTarget section */
		6F2A5E0A2B1C4D5E8F901002 /* LocupomLearn */ = {
			isa = PBXNativeTarget;
			buildConfigurationList = 6F2A5E0A2B1C4D5E8F901010 /* Build configuration list for PBXNativeTarget "LocupomLearn" */;
			buildPhases = (
				6F2A5E0A2B1C4D5E8F901006 /* Sources */,
				6F2A5E0A2B1C4D5E8F901008 /* Frameworks */,
				6F2A5E0A2B1C4D5E8F901007 /* Resources */,
			);
			buildRules = (
			);
			dependencies = (
			);
			name = LocupomLearn;
			productName = LocupomLearn;
			productReference = 6F2A5E0A2B1C4D5E8F901003 /* LocupomLearn.app */;
			productType = "com.apple.product-type.application";
		};
/* End PBXNativeTarget section */

/* Begin PBXProject section */
		6F2A5E0A2B1C4D5E8F901001 /* Project object */ = {
			isa = PBXProject;
			attributes = {
				BuildIndependentTargetsInParallel = 1;
				LastSwiftUpdateCheck = 2610;
				LastUpgradeCheck = 2610;
				TargetAttributes = {
					6F2A5E0A2B1C4D5E8F901002 = {
						CreatedOnToolsVersion = 26.1.1;
					};
				};
			};
			buildConfigurationList = 6F2A5E0A2B1C4D5E8F901009 /* Build configuration list for PBXProject "LocupomLearn" */;
			compatibilityVersion = "Xcode 14.0";
			developmentRegion = en;
			hasScannedForEncodings = 0;
			knownRegions = (
				en,
				Base,
			);
			mainGroup = 6F2A5E0A2B1C4D5E8F901004;
			productRefGroup = 6F2A5E0A2B1C4D5E8F901005 /* Products */;
			projectDirPath = "";
			projectRoot = "";
			targets = (
				6F2A5E0A2B1C4D5E8F901002 /* LocupomLearn */,
			);
		};
/* End PBXProject section */

/* Begin PBXResourcesBuildPhase section */
		6F2A5E0A2B1C4D5E8F901007 /* Resources */ = {
			isa = PBXResourcesBuildPhase;
			buildActionMask = 2147483647;
			files = (
				6F2A5E0A2B1C4D5E8F902112 /* Assets.xcassets in Resources */,
			);
			runOnlyForDeploymentPostprocessing = 0;
		};
/* End PBXResourcesBuildPhase section */

/* Begin PBXSourcesBuildPhase section */
		6F2A5E0A2B1C4D5E8F901006 /* Sources */ = {
			isa = PBXSourcesBuildPhase;
			buildActionMask = 2147483647;
			files = (
				6F2A5E0A2B1C4D5E8F902101 /* LocupomLearnApp.swift in Sources */,
				6F2A5E0A2B1C4D5E8F902102 /* RootView.swift in Sources */,
				6F2A5E0A2B1C4D5E8F902103 /* Song.swift in Sources */,
				6F2A5E0A2B1C4D5E8F902104 /* YouTubeURLParser.swift in Sources */,
				6F2A5E0A2B1C4D5E8F902105 /* TextMatcher.swift in Sources */,
				6F2A5E0A2B1C4D5E8F902106 /* SongLibraryStore.swift in Sources */,
				6F2A5E0A2B1C4D5E8F902107 /* LibraryView.swift in Sources */,
				6F2A5E0A2B1C4D5E8F902108 /* SongDetailView.swift in Sources */,
				6F2A5E0A2B1C4D5E8F902109 /* SongEditorView.swift in Sources */,
				6F2A5E0A2B1C4D5E8F902110 /* PracticeView.swift in Sources */,
				6F2A5E0A2B1C4D5E8F902111 /* YouTubePlayerView.swift in Sources */,
				6F2A5E0A2B1C4D5E8F902113 /* TrendingVideo.swift in Sources */,
				6F2A5E0A2B1C4D5E8F902114 /* YouTubeAPISettings.swift in Sources */,
				6F2A5E0A2B1C4D5E8F902115 /* YouTubeTrendingService.swift in Sources */,
				6F2A5E0A2B1C4D5E8F902116 /* YouTubeSettingsView.swift in Sources */,
				6F2A5E0A2B1C4D5E8F902117 /* TrendingView.swift in Sources */,
				6F2A5E0A2B1C4D5E8F902118 /* LyricsImportService.swift in Sources */,
				6F2A5E0A2B1C4D5E8F902119 /* LearningHubView.swift in Sources */,
				6F2A5E0A2B1C4D5E8F902120 /* LanguageLearningService.swift in Sources */,
				6F2A5E0A2B1C4D5E8F902121 /* LearningProgressStore.swift in Sources */,
			);
			runOnlyForDeploymentPostprocessing = 0;
		};
/* End PBXSourcesBuildPhase section */

/* Begin XCBuildConfiguration section */
		6F2A5E0A2B1C4D5E8F901011 /* Debug */ = {
			isa = XCBuildConfiguration;
			buildSettings = {
				ALWAYS_SEARCH_USER_PATHS = NO;
				CLANG_ANALYZER_NONNULL = YES;
				CLANG_ANALYZER_NUMBER_OBJECT_CONVERSION = YES_AGGRESSIVE;
				CLANG_CXX_LANGUAGE_STANDARD = "gnu++20";
				CLANG_ENABLE_MODULES = YES;
				CLANG_ENABLE_OBJC_ARC = YES;
				CLANG_ENABLE_OBJC_WEAK = YES;
				CLANG_WARN_BLOCK_CAPTURE_AUTORELEASING = YES;
				CLANG_WARN_BOOL_CONVERSION = YES;
				CLANG_WARN_COMMA = YES;
				CLANG_WARN_CONSTANT_CONVERSION = YES;
				CLANG_WARN_DEPRECATED_OBJC_IMPLEMENTATIONS = YES;
				CLANG_WARN_DIRECT_OBJC_ISA_USAGE = YES_ERROR;
				CLANG_WARN_DOCUMENTATION_COMMENTS = YES;
				CLANG_WARN_EMPTY_BODY = YES;
				CLANG_WARN_ENUM_CONVERSION = YES;
				CLANG_WARN_INFINITE_RECURSION = YES;
				CLANG_WARN_INT_CONVERSION = YES;
				CLANG_WARN_NON_LITERAL_NULL_CONVERSION = YES;
				CLANG_WARN_OBJC_IMPLICIT_RETAIN_SELF = YES;
				CLANG_WARN_OBJC_LITERAL_CONVERSION = YES;
				CLANG_WARN_OBJC_ROOT_CLASS = YES_ERROR;
				CLANG_WARN_QUOTED_INCLUDE_IN_FRAMEWORK_HEADER = YES;
				CLANG_WARN_RANGE_LOOP_ANALYSIS = YES;
				CLANG_WARN_STRICT_PROTOTYPES = YES;
				CLANG_WARN_SUSPICIOUS_MOVE = YES;
				CLANG_WARN_UNGUARDED_AVAILABILITY = YES_AGGRESSIVE;
				CLANG_WARN_UNREACHABLE_CODE = YES;
				CLANG_WARN__DUPLICATE_METHOD_MATCH = YES;
				COPY_PHASE_STRIP = NO;
				DEBUG_INFORMATION_FORMAT = dwarf;
				ENABLE_STRICT_OBJC_MSGSEND = YES;
				ENABLE_TESTABILITY = YES;
				ENABLE_USER_SCRIPT_SANDBOXING = YES;
				GCC_C_LANGUAGE_STANDARD = gnu17;
				GCC_DYNAMIC_NO_PIC = NO;
				GCC_NO_COMMON_BLOCKS = YES;
				GCC_OPTIMIZATION_LEVEL = 0;
				GCC_PREPROCESSOR_DEFINITIONS = (
					"DEBUG=1",
					"$(inherited)",
				);
				GCC_WARN_64_TO_32_BIT_CONVERSION = YES;
				GCC_WARN_ABOUT_RETURN_TYPE = YES_ERROR;
				GCC_WARN_UNDECLARED_SELECTOR = YES;
				GCC_WARN_UNINITIALIZED_AUTOS = YES_AGGRESSIVE;
				GCC_WARN_UNUSED_FUNCTION = YES;
				GCC_WARN_UNUSED_VARIABLE = YES;
				IPHONEOS_DEPLOYMENT_TARGET = 17.0;
				LOCALIZATION_PREFERS_STRING_CATALOGS = YES;
				MTL_ENABLE_DEBUG_INFO = INCLUDE_SOURCE;
				MTL_FAST_MATH = YES;
				ONLY_ACTIVE_ARCH = YES;
				SDKROOT = iphoneos;
				SWIFT_ACTIVE_COMPILATION_CONDITIONS = "DEBUG $(inherited)";
				SWIFT_OPTIMIZATION_LEVEL = "-Onone";
			};
			name = Debug;
		};
		6F2A5E0A2B1C4D5E8F901012 /* Release */ = {
			isa = XCBuildConfiguration;
			buildSettings = {
				ALWAYS_SEARCH_USER_PATHS = NO;
				CLANG_ANALYZER_NONNULL = YES;
				CLANG_ANALYZER_NUMBER_OBJECT_CONVERSION = YES_AGGRESSIVE;
				CLANG_CXX_LANGUAGE_STANDARD = "gnu++20";
				CLANG_ENABLE_MODULES = YES;
				CLANG_ENABLE_OBJC_ARC = YES;
				CLANG_ENABLE_OBJC_WEAK = YES;
				CLANG_WARN_BLOCK_CAPTURE_AUTORELEASING = YES;
				CLANG_WARN_BOOL_CONVERSION = YES;
				CLANG_WARN_COMMA = YES;
				CLANG_WARN_CONSTANT_CONVERSION = YES;
				CLANG_WARN_DEPRECATED_OBJC_IMPLEMENTATIONS = YES;
				CLANG_WARN_DIRECT_OBJC_ISA_USAGE = YES_ERROR;
				CLANG_WARN_DOCUMENTATION_COMMENTS = YES;
				CLANG_WARN_EMPTY_BODY = YES;
				CLANG_WARN_ENUM_CONVERSION = YES;
				CLANG_WARN_INFINITE_RECURSION = YES;
				CLANG_WARN_INT_CONVERSION = YES;
				CLANG_WARN_NON_LITERAL_NULL_CONVERSION = YES;
				CLANG_WARN_OBJC_IMPLICIT_RETAIN_SELF = YES;
				CLANG_WARN_OBJC_LITERAL_CONVERSION = YES;
				CLANG_WARN_OBJC_ROOT_CLASS = YES_ERROR;
				CLANG_WARN_QUOTED_INCLUDE_IN_FRAMEWORK_HEADER = YES;
				CLANG_WARN_RANGE_LOOP_ANALYSIS = YES;
				CLANG_WARN_STRICT_PROTOTYPES = YES;
				CLANG_WARN_SUSPICIOUS_MOVE = YES;
				CLANG_WARN_UNGUARDED_AVAILABILITY = YES_AGGRESSIVE;
				CLANG_WARN_UNREACHABLE_CODE = YES;
				CLANG_WARN__DUPLICATE_METHOD_MATCH = YES;
				COPY_PHASE_STRIP = NO;
				DEBUG_INFORMATION_FORMAT = "dwarf-with-dsym";
				ENABLE_NS_ASSERTIONS = NO;
				ENABLE_STRICT_OBJC_MSGSEND = YES;
				ENABLE_USER_SCRIPT_SANDBOXING = YES;
				GCC_C_LANGUAGE_STANDARD = gnu17;
				GCC_NO_COMMON_BLOCKS = YES;
				GCC_WARN_64_TO_32_BIT_CONVERSION = YES;
				GCC_WARN_ABOUT_RETURN_TYPE = YES_ERROR;
				GCC_WARN_UNDECLARED_SELECTOR = YES;
				GCC_WARN_UNINITIALIZED_AUTOS = YES_AGGRESSIVE;
				GCC_WARN_UNUSED_FUNCTION = YES;
				GCC_WARN_UNUSED_VARIABLE = YES;
				IPHONEOS_DEPLOYMENT_TARGET = 17.0;
				LOCALIZATION_PREFERS_STRING_CATALOGS = YES;
				MTL_ENABLE_DEBUG_INFO = NO;
				MTL_FAST_MATH = YES;
				SDKROOT = iphoneos;
				SWIFT_COMPILATION_MODE = wholemodule;
				VALIDATE_PRODUCT = YES;
			};
			name = Release;
		};
		6F2A5E0A2B1C4D5E8F901013 /* Debug */ = {
			isa = XCBuildConfiguration;
			buildSettings = {
				ASSETCATALOG_COMPILER_APPICON_NAME = AppIcon;
				ASSETCATALOG_COMPILER_GLOBAL_ACCENT_COLOR_NAME = AccentColor;
				CODE_SIGN_STYLE = Automatic;
				CURRENT_PROJECT_VERSION = 1;
				DEVELOPMENT_TEAM = "";
				GENERATE_INFOPLIST_FILE = YES;
				INFOPLIST_KEY_CFBundleDisplayName = Locupom;
				INFOPLIST_KEY_LSApplicationCategoryType = "public.app-category.education";
				INFOPLIST_KEY_NSMicrophoneUsageDescription = "Locupom usa el microfono para practicar pronunciacion en ingles.";
				INFOPLIST_KEY_NSSpeechRecognitionUsageDescription = "Locupom usa reconocimiento de voz para comparar tu pronunciacion en ingles.";
				INFOPLIST_KEY_UIApplicationSceneManifest_Generation = YES;
				INFOPLIST_KEY_UIApplicationSupportsIndirectInputEvents = YES;
				INFOPLIST_KEY_UILaunchScreen_Generation = YES;
				INFOPLIST_KEY_UISupportedInterfaceOrientations_iPad = "UIInterfaceOrientationPortrait UIInterfaceOrientationLandscapeLeft UIInterfaceOrientationLandscapeRight";
				INFOPLIST_KEY_UISupportedInterfaceOrientations_iPhone = "UIInterfaceOrientationPortrait UIInterfaceOrientationLandscapeLeft UIInterfaceOrientationLandscapeRight";
				LD_RUNPATH_SEARCH_PATHS = (
					"$(inherited)",
					"@executable_path/Frameworks",
				);
				MARKETING_VERSION = 1.0;
				PRODUCT_BUNDLE_IDENTIFIER = com.locupom.LocupomLearn;
				PRODUCT_NAME = "$(TARGET_NAME)";
				SUPPORTED_PLATFORMS = "iphoneos iphonesimulator";
				SUPPORTS_MACCATALYST = NO;
				SUPPORTS_MAC_DESIGNED_FOR_IPHONE_IPAD = NO;
				SWIFT_EMIT_LOC_STRINGS = YES;
				SWIFT_VERSION = 5.0;
				TARGETED_DEVICE_FAMILY = "1,2";
			};
			name = Debug;
		};
		6F2A5E0A2B1C4D5E8F901014 /* Release */ = {
			isa = XCBuildConfiguration;
			buildSettings = {
				ASSETCATALOG_COMPILER_APPICON_NAME = AppIcon;
				ASSETCATALOG_COMPILER_GLOBAL_ACCENT_COLOR_NAME = AccentColor;
				CODE_SIGN_STYLE = Automatic;
				CURRENT_PROJECT_VERSION = 1;
				DEVELOPMENT_TEAM = "";
				GENERATE_INFOPLIST_FILE = YES;
				INFOPLIST_KEY_CFBundleDisplayName = Locupom;
				INFOPLIST_KEY_LSApplicationCategoryType = "public.app-category.education";
				INFOPLIST_KEY_NSMicrophoneUsageDescription = "Locupom usa el microfono para practicar pronunciacion en ingles.";
				INFOPLIST_KEY_NSSpeechRecognitionUsageDescription = "Locupom usa reconocimiento de voz para comparar tu pronunciacion en ingles.";
				INFOPLIST_KEY_UIApplicationSceneManifest_Generation = YES;
				INFOPLIST_KEY_UIApplicationSupportsIndirectInputEvents = YES;
				INFOPLIST_KEY_UILaunchScreen_Generation = YES;
				INFOPLIST_KEY_UISupportedInterfaceOrientations_iPad = "UIInterfaceOrientationPortrait UIInterfaceOrientationLandscapeLeft UIInterfaceOrientationLandscapeRight";
				INFOPLIST_KEY_UISupportedInterfaceOrientations_iPhone = "UIInterfaceOrientationPortrait UIInterfaceOrientationLandscapeLeft UIInterfaceOrientationLandscapeRight";
				LD_RUNPATH_SEARCH_PATHS = (
					"$(inherited)",
					"@executable_path/Frameworks",
				);
				MARKETING_VERSION = 1.0;
				PRODUCT_BUNDLE_IDENTIFIER = com.locupom.LocupomLearn;
				PRODUCT_NAME = "$(TARGET_NAME)";
				SUPPORTED_PLATFORMS = "iphoneos iphonesimulator";
				SUPPORTS_MACCATALYST = NO;
				SUPPORTS_MAC_DESIGNED_FOR_IPHONE_IPAD = NO;
				SWIFT_EMIT_LOC_STRINGS = YES;
				SWIFT_VERSION = 5.0;
				TARGETED_DEVICE_FAMILY = "1,2";
			};
			name = Release;
		};
/* End XCBuildConfiguration section */

/* Begin XCConfigurationList section */
		6F2A5E0A2B1C4D5E8F901009 /* Build configuration list for PBXProject "LocupomLearn" */ = {
			isa = XCConfigurationList;
			buildConfigurations = (
				6F2A5E0A2B1C4D5E8F901011 /* Debug */,
				6F2A5E0A2B1C4D5E8F901012 /* Release */,
			);
			defaultConfigurationIsVisible = 0;
			defaultConfigurationName = Release;
		};
		6F2A5E0A2B1C4D5E8F901010 /* Build configuration list for PBXNativeTarget "LocupomLearn" */ = {
			isa = XCConfigurationList;
			buildConfigurations = (
				6F2A5E0A2B1C4D5E8F901013 /* Debug */,
				6F2A5E0A2B1C4D5E8F901014 /* Release */,
			);
			defaultConfigurationIsVisible = 0;
			defaultConfigurationName = Release;
		};
/* End XCConfigurationList section */
	};
	rootObject = 6F2A5E0A2B1C4D5E8F901001 /* Project object */;
}
